
Microsoft Visual Studio Solution File, Format Version 12.00
# Visual Studio 2012
Project("{FAE04EC0-301F-11D3-BF4B-00C04F79EFBC}") = "GamePage", "Gleipnir\GamePage.csproj", "{FDDDBDE4-3157-48EF-A3B7-7C76E3E2446A}"
EndProject
Project("{FAE04EC0-301F-11D3-BF4B-00C04F79EFBC}") = "Updates", "Updates\Updates.csproj", "{014ADB5A-45D5-48CA-A386-CFBB01A556EF}"
EndProject
Global
	GlobalSection(SolutionConfigurationPlatforms) = preSolution
		Debug|Any CPU = Debug|Any CPU
		Release|Any CPU = Release|Any CPU
	EndGlobalSection
	GlobalSection(ProjectConfigurationPlatforms) = postSolution
		{FDDDBDE4-3157-48EF-A3B7-7C76E3E2446A}.Debug|Any CPU.ActiveCfg = Debug|Any CPU
		{FDDDBDE4-3157-48EF-A3B7-7C76E3E2446A}.Debug|Any CPU.Build.0 = Debug|Any CPU
		{FDDDBDE4-3157-48EF-A3B7-7C76E3E2446A}.Release|Any CPU.ActiveCfg = Release|Any CPU
		{FDDDBDE4-3157-48EF-A3B7-7C76E3E2446A}.Release|Any CPU.Build.0 = Release|Any CPU
		{014ADB5A-45D5-48CA-A386-CFBB01A556EF}.Debug|Any CPU.ActiveCfg = Debug|Any CPU
		{014ADB5A-45D5-48CA-A386-CFBB01A556EF}.Debug|Any CPU.Build.0 = Debug|Any CPU
		{014ADB5A-45D5-48CA-A386-CFBB01A556EF}.Release|Any CPU.ActiveCfg = Release|Any CPU
		{014ADB5A-45D5-48CA-A386-CFBB01A556EF}.Release|Any CPU.Build.0 = Release|Any CPU
	EndGlobalSection
	GlobalSection(SolutionProperties) = preSolution
		HideSolutionNode = FALSE
	EndGlobalSection
EndGlobal
